
Microsoft Visual Studio Solution File, Format Version 12.00
# Visual Studio Version 17
VisualStudioVersion = 17.4.33213.308
MinimumVisualStudioVersion = 10.0.40219.1
Project("{FAE04EC0-301F-11D3-BF4B-00C04F79EFBC}") = "RevitAPITrainingIFC", "RevitAPITrainingIFC\RevitAPITrainingIFC.csproj", "{BA5D1551-C76A-4931-8F0D-565EDC0F2035}"
EndProject
Global
	GlobalSection(SolutionConfigurationPlatforms) = preSolution
		Debug|Any CPU = Debug|Any CPU
		Release|Any CPU = Release|Any CPU
	EndGlobalSection
	GlobalSection(ProjectConfigurationPlatforms) = postSolution
		{BA5D1551-C76A-4931-8F0D-565EDC0F2035}.Debug|Any CPU.ActiveCfg = Debug|Any CPU
		{BA5D1551-C76A-4931-8F0D-565EDC0F2035}.Debug|Any CPU.Build.0 = Debug|Any CPU
		{BA5D1551-C76A-4931-8F0D-565EDC0F2035}.Release|Any CPU.ActiveCfg = Release|Any CPU
		{BA5D1551-C76A-4931-8F0D-565EDC0F2035}.Release|Any CPU.Build.0 = Release|Any CPU
	EndGlobalSection
	GlobalSection(SolutionProperties) = preSolution
		HideSolutionNode = FALSE
	EndGlobalSection
	GlobalSection(ExtensibilityGlobals) = postSolution
		SolutionGuid = {61783502-7B53-4DE2-ADA3-94192FA521C3}
	EndGlobalSection
EndGlobal
